
Microsoft Visual Studio Solution File, Format Version 12.00
# Visual Studio Version 16
VisualStudioVersion = 16.0.29025.244
MinimumVisualStudioVersion = 10.0.40219.1
Project("{9A19103F-16F7-4668-BE54-9A1E7A4F7556}") = "DKO", "DKO\DKO.csproj", "{1C65D5A4-2FF9-4B61-B99F-07CED63F57B5}"
EndProject
Global
	GlobalSection(SolutionConfigurationPlatforms) = preSolution
		Debug|Any CPU = Debug|Any CPU
		Release|Any CPU = Release|Any CPU
	EndGlobalSection
	GlobalSection(ProjectConfigurationPlatforms) = postSolution
		{1C65D5A4-2FF9-4B61-B99F-07CED63F57B5}.Debug|Any CPU.ActiveCfg = Debug|Any CPU
		{1C65D5A4-2FF9-4B61-B99F-07CED63F57B5}.Debug|Any CPU.Build.0 = Debug|Any CPU
		{1C65D5A4-2FF9-4B61-B99F-07CED63F57B5}.Release|Any CPU.ActiveCfg = Release|Any CPU
		{1C65D5A4-2FF9-4B61-B99F-07CED63F57B5}.Release|Any CPU.Build.0 = Release|Any CPU
	EndGlobalSection
	GlobalSection(SolutionProperties) = preSolution
		HideSolutionNode = FALSE
	EndGlobalSection
	GlobalSection(ExtensibilityGlobals) = postSolution
		SolutionGuid = {F73065F8-1C6E-4E40-BCC2-13172B00B4E2}
	EndGlobalSection
EndGlobal
