
Microsoft Visual Studio Solution File, Format Version 12.00
# Visual Studio Version 16
VisualStudioVersion = 16.0.29025.244
MinimumVisualStudioVersion = 10.0.40219.1
Project("{FAE04EC0-301F-11D3-BF4B-00C04F79EFBC}") = "DKO", "DKO\DKO.csproj", "{8BF8C4EE-D5C1-4CEE-A8FC-CF96AB2CACC5}"
EndProject
Global
	GlobalSection(SolutionConfigurationPlatforms) = preSolution
		Debug|Any CPU = Debug|Any CPU
		Release|Any CPU = Release|Any CPU
	EndGlobalSection
	GlobalSection(ProjectConfigurationPlatforms) = postSolution
		{8BF8C4EE-D5C1-4CEE-A8FC-CF96AB2CACC5}.Debug|Any CPU.ActiveCfg = Debug|Any CPU
		{8BF8C4EE-D5C1-4CEE-A8FC-CF96AB2CACC5}.Debug|Any CPU.Build.0 = Debug|Any CPU
		{8BF8C4EE-D5C1-4CEE-A8FC-CF96AB2CACC5}.Release|Any CPU.ActiveCfg = Release|Any CPU
		{8BF8C4EE-D5C1-4CEE-A8FC-CF96AB2CACC5}.Release|Any CPU.Build.0 = Release|Any CPU
	EndGlobalSection
	GlobalSection(SolutionProperties) = preSolution
		HideSolutionNode = FALSE
	EndGlobalSection
	GlobalSection(ExtensibilityGlobals) = postSolution
		SolutionGuid = {5F1FB72F-8E19-4F2B-B011-A3FA2D7EEE69}
	EndGlobalSection
EndGlobal
